
Microsoft Visual Studio Solution File, Format Version 12.00
# Visual Studio Version 17
VisualStudioVersion = 17.10.35004.147
MinimumVisualStudioVersion = 10.0.40219.1
Project("{9A19103F-16F7-4668-BE54-9A1E7A4F7556}") = "GestorEventos.API", "GestorEventos.API\GestorEventos.API.csproj", "{EC2ADCB7-E894-42AA-B175-F9E28E0A231F}"
EndProject
Project("{9A19103F-16F7-4668-BE54-9A1E7A4F7556}") = "GestorEventos.Servicios", "..\GestorEventos.Servicio\GestorEventos.Servicios.csproj", "{393DFD5C-0850-48DB-BA9F-482DB5C7B4FF}"
EndProject
Project("{9A19103F-16F7-4668-BE54-9A1E7A4F7556}") = "GestorEventos.WebAdmin", "..\GestorEventos.WebAdmin\GestorEventos.WebAdmin.csproj", "{B283C434-EC27-4CFD-8718-234F5CDD9146}"
EndProject
Project("{FAE04EC0-301F-11D3-BF4B-00C04F79EFBC}") = "GestorEventos.WebUsuario", "GestorEventos.WebUsuario\GestorEventos.WebUsuario.csproj", "{75A9AA1C-02A2-4BE7-AAF0-5756FBD4B6FB}"
EndProject
Global
	GlobalSection(SolutionConfigurationPlatforms) = preSolution
		Debug|Any CPU = Debug|Any CPU
		Release|Any CPU = Release|Any CPU
	EndGlobalSection
	GlobalSection(ProjectConfigurationPlatforms) = postSolution
		{EC2ADCB7-E894-42AA-B175-F9E28E0A231F}.Debug|Any CPU.ActiveCfg = Debug|Any CPU
		{EC2ADCB7-E894-42AA-B175-F9E28E0A231F}.Debug|Any CPU.Build.0 = Debug|Any CPU
		{EC2ADCB7-E894-42AA-B175-F9E28E0A231F}.Release|Any CPU.ActiveCfg = Release|Any CPU
		{EC2ADCB7-E894-42AA-B175-F9E28E0A231F}.Release|Any CPU.Build.0 = Release|Any CPU
		{393DFD5C-0850-48DB-BA9F-482DB5C7B4FF}.Debug|Any CPU.ActiveCfg = Debug|Any CPU
		{393DFD5C-0850-48DB-BA9F-482DB5C7B4FF}.Debug|Any CPU.Build.0 = Debug|Any CPU
		{393DFD5C-0850-48DB-BA9F-482DB5C7B4FF}.Release|Any CPU.ActiveCfg = Release|Any CPU
		{393DFD5C-0850-48DB-BA9F-482DB5C7B4FF}.Release|Any CPU.Build.0 = Release|Any CPU
		{B283C434-EC27-4CFD-8718-234F5CDD9146}.Debug|Any CPU.ActiveCfg = Debug|Any CPU
		{B283C434-EC27-4CFD-8718-234F5CDD9146}.Debug|Any CPU.Build.0 = Debug|Any CPU
		{B283C434-EC27-4CFD-8718-234F5CDD9146}.Release|Any CPU.ActiveCfg = Release|Any CPU
		{B283C434-EC27-4CFD-8718-234F5CDD9146}.Release|Any CPU.Build.0 = Release|Any CPU
		{75A9AA1C-02A2-4BE7-AAF0-5756FBD4B6FB}.Debug|Any CPU.ActiveCfg = Debug|Any CPU
		{75A9AA1C-02A2-4BE7-AAF0-5756FBD4B6FB}.Debug|Any CPU.Build.0 = Debug|Any CPU
		{75A9AA1C-02A2-4BE7-AAF0-5756FBD4B6FB}.Release|Any CPU.ActiveCfg = Release|Any CPU
		{75A9AA1C-02A2-4BE7-AAF0-5756FBD4B6FB}.Release|Any CPU.Build.0 = Release|Any CPU
	EndGlobalSection
	GlobalSection(SolutionProperties) = preSolution
		HideSolutionNode = FALSE
	EndGlobalSection
	GlobalSection(ExtensibilityGlobals) = postSolution
		SolutionGuid = {4875D08C-9DD2-4B7A-9A57-DB3399C30D43}
	EndGlobalSection
EndGlobal
